{
    "_meta": {
        "hash": {
            "sha256": "1465ba7d1689366934a5e4b2997caaf4de12441fbed211b7b8d18c0d06153c63"
        },
        "pipfile-spec": 6,
        "requires": {},
        "sources": [
            {
                "name": "pypi",
                "url": "https://pypi.org/simple",
                "verify_ssl": true
            }
        ]
    },
    "default": {
        "pyqt5": {
            "hashes": [
                "sha256:17a6d5258796bae16e447aa3efa00258425c09cf88ef68238762628a5dde7c6f",
                "sha256:4e47021c2b8e89a3bc64247dfb224144e5c8d77e3ab44f3842d120aab6b3cbd4",
                "sha256:b1ea7e82004dc7b311d1e29df2f276461016e2d180e10c73805ace4376125ed9",
                "sha256:b9e7cc3ec69f80834f3f7507478c77e4d42411d5e9e557350e61b2660d12abc2",
                "sha256:d9a76b850246d08da9863189ecb98f6c2aa9b4d97a3e85e29330a264aed0f9a1"
            ],
            "index": "pypi",
            "version": "==5.15.1"
        },
        "pyqt5-sip": {
            "hashes": [
                "sha256:0304ca9114b9817a270f67f421355075b78ff9fc25ac58ffd72c2601109d2194",
                "sha256:0cd969be528c27bbd4755bd323dff4a79a8fdda28215364e6ce3e069cb56c2a9",
                "sha256:2f35e82fd7ec1e1f6716e9154721c7594956a4f5bd4f826d8c6a6453833cc2f0",
                "sha256:30e944db9abee9cc757aea16906d4198129558533eb7fadbe48c5da2bd18e0bd",
                "sha256:34dcd29be47553d5f016ff86e89e24cbc5eebae92eb2f96fb32d2d7ba028c43c",
                "sha256:5a011aeff89660622a6d5c3388d55a9d76932f3b82c95e82fc31abd8b1d2990d",
                "sha256:6c1ebee60f1d2b3c70aff866b7933d8d8d7646011f7c32f9321ee88c290aa4f9",
                "sha256:7b81382ce188d63890a0e35abe0f9bb946cabc873a31873b73583b0fc84ac115",
                "sha256:832fd60a264de4134c2824d393320838f3ab648180c9c357ec58a74524d24507",
                "sha256:84ba7746762bd223bed22428e8561aa267a229c28344c2d28c5d5d3f8970cffb",
                "sha256:9312ec47cac4e33c11503bc1cbeeb0bdae619620472f38e2078c5a51020a930f",
                "sha256:a1b8ef013086e224b8e86c93f880f776d01b59195bdfa2a8e0b23f0480678fec",
                "sha256:a29e2ac399429d3b7738f73e9081e50783e61ac5d29344e0802d0dcd6056c5a2",
                "sha256:b6d42250baec52a5f77de64e2951d001c5501c3a2df2179f625b241cbaec3369",
                "sha256:bb5a87b66fc1445915104ee97f7a20a69decb42f52803e3b0795fa17ff88226c",
                "sha256:c317ab1263e6417c498b81f5c970a9b1af7acefab1f80b4cc0f2f8e661f29fc5",
                "sha256:c9800729badcb247765e4ffe2241549d02da1fa435b9db224845bc37c3e99cb0",
                "sha256:c9d6d448c29dc6606bb7974696608f81f4316c8234f7c7216396ed110075e777",
                "sha256:da9c9f1e65b9d09e73bd75befc82961b6b61b5a3b9d0a7c832168e1415f163c6",
                "sha256:ed897c58acf4a3cdca61469daa31fe6e44c33c6c06a37c3f21fab31780b3b86a",
                "sha256:f168f0a7f32b81bfeffdf003c36f25d81c97dee5eb67072a5183e761fe250f13"
            ],
            "version": "==12.8.1"
        },
        "pyshp": {
            "hashes": [
                "sha256:e65c7f24d372b97d0920b864bbeb78322bb37b83f2606e2a2212631d5d51e5c0"
            ],
            "index": "pypi",
            "version": "==2.1"
        },
        "vtk": {
            "hashes": [
                "sha256:11c7b05e2a35ff5724b5c88a90ffaa1de84347ddc8293c1b74158c721db31573",
                "sha256:3b0873e79365268b3b7d2acb238d2333f73209c27f54b76dc0cdd85483afa82e",
                "sha256:4092bf85e1d02a76ea878bb9b822eb57ec7b73c8826e3ec29f1c8cbddcb312e3",
                "sha256:424d7e6f8a216b7af82c672ebae82bc6e268582f802c7b32684ae9a90ef4c19e",
                "sha256:b9d3827bf84ca11a669cf798d2a205d4ca19ed66e15e93ab2ab747f9dbe9edbe",
                "sha256:bd4a066dbb4fb35d329278538976ad4440aeb0e5c839cc12310567238211971c",
                "sha256:bd6efb3d3a6ead36e42ab938806364fa7dc858228a1c81e321556e43ff899d89",
                "sha256:cbf17bc5ab7ccbda79458cf241cad8bc790a228dfa15066c50648bfb5d7abeb1",
                "sha256:cdc7d6d556cf520e6c3c76299125a71d7be5895744ba949e2560d9332e607b50",
                "sha256:e2ce620b2691ee8770bd9bfc0ae2ca99c0263ded20559c389a10b9b78e7750b2",
                "sha256:e6bfc40f4cdc02f8b869b0c2023b73c6aad86fdb39fcb1823b1f4f5efd1a0001"
            ],
            "index": "pypi",
            "version": "==9.0.1"
        }
    },
    "develop": {
        "pydevd": {
            "hashes": [
                "sha256:0da2d188ddc9ff7ab06df86dbcf854659f584898e203778a8b630acd1ff20da0",
                "sha256:1ba896b325c0de23e6b9ab78a3b6bb2021eb2285a735a7a8f0f1d76a66b6a06f",
                "sha256:22360e7ded878cc34925b8ae3b74d7e4845f9ffe5c3c7420ce6c50c896f85ea1",
                "sha256:566a98b9c4b87799886aea633afc04638d8e773efac173cc3bbd3538deee28ad",
                "sha256:5e281146639815bd4847bf2e65033af0093c45755f4e70066e821c4761376507",
                "sha256:83a3ecb5e8e0a8b3c3920fbc66fe2d1e6c16a2d4252f359bb927da461f4290c4",
                "sha256:9ad948be4b1b5f34eb83c2218bb54f2aa431aec1226f264e4489bc775729e167",
                "sha256:bcba48073cf2a568677e66fc068362be629c425497dbd6954e6a1728f342bdb2",
                "sha256:c73d7d332316abe8d8b6bcc70d6ea713a3112712dad9aa11aa2f9ff767c5c8dd",
                "sha256:eb363e7d4628c5f0047c545a40e4a30bbbc11c05d521eb3d0f5442fa7134a22f",
                "sha256:fe91297feb6a6e0e0f50ae6c2c0fae18a101c158a940c0a114f8fe55a03d275b"
            ],
            "index": "pypi",
            "version": "==2.0.0"
        }
    }
}
