{
    "_meta": {
        "hash": {
            "sha256": "ae20f561144ff818f292a904578fca61b8d213ee9ca8e2996c0d9878971b4e65"
        },
        "pipfile-spec": 6,
        "requires": {
            "python_version": "3.6"
        },
        "sources": [
            {
                "name": "pypi",
                "url": "https://pypi.org/simple",
                "verify_ssl": true
            }
        ]
    },
    "default": {
        "pyshp": {
            "hashes": [
                "sha256:e65c7f24d372b97d0920b864bbeb78322bb37b83f2606e2a2212631d5d51e5c0"
            ],
            "index": "pypi",
            "version": "==2.1.0"
        }
    },
    "develop": {}
}
